// !$*UTF8*$!
{
	archiveVersion = 1;
	classes = {
	};
	objectVersion = 51;
	objects = {

/* Begin PBXBuildFile section */
		28DA3C72DB1551AA5184E60F /* Pods_SmARt.framework in Frameworks */ = {isa = PBXBuildFile; fileRef = 609AC0DC49D0EDA7A517DADC /* Pods_SmARt.framework */; };
		FA10603925DD4A47007E6898 /* SectionDetailBaseViewModel.swift in Sources */ = {isa = PBXBuildFile; fileRef = FA10603825DD4A47007E6898 /* SectionDetailBaseViewModel.swift */; };
		FA10604025DD7629007E6898 /* MenuItemType.swift in Sources */ = {isa = PBXBuildFile; fileRef = FA10603F25DD7629007E6898 /* MenuItemType.swift */; };
		FA10604725DD8796007E6898 /* SectionDetailBaseView.swift in Sources */ = {isa = PBXBuildFile; fileRef = FA10604625DD8796007E6898 /* SectionDetailBaseView.swift */; };
		FA10605625DD9930007E6898 /* UIScreen.swift in Sources */ = {isa = PBXBuildFile; fileRef = FA10605525DD9930007E6898 /* UIScreen.swift */; };
		FA2273FE25E454E300DA6FCB /* WorldTrackingRealityKitView.swift in Sources */ = {isa = PBXBuildFile; fileRef = FA2273FD25E454E300DA6FCB /* WorldTrackingRealityKitView.swift */; };
		FA2656B525E679D60025ACB1 /* SmartTourismView.swift in Sources */ = {isa = PBXBuildFile; fileRef = FA2656B425E679D60025ACB1 /* SmartTourismView.swift */; };
		FA2656CB25E695930025ACB1 /* DroneARViewModel.swift in Sources */ = {isa = PBXBuildFile; fileRef = FA2656CA25E695930025ACB1 /* DroneARViewModel.swift */; };
		FA2656E125E6D5550025ACB1 /* Joystick.swift in Sources */ = {isa = PBXBuildFile; fileRef = FA2656E025E6D5550025ACB1 /* Joystick.swift */; };
		FA2656E425E6D6FA0025ACB1 /* JoystickDirection.swift in Sources */ = {isa = PBXBuildFile; fileRef = FA2656E325E6D6FA0025ACB1 /* JoystickDirection.swift */; };
		FA2656E725E6D9DD0025ACB1 /* JoystickButton.swift in Sources */ = {isa = PBXBuildFile; fileRef = FA2656E625E6D9DD0025ACB1 /* JoystickButton.swift */; };
		FA36208F25CC84D000DFE70E /* ApiError.swift in Sources */ = {isa = PBXBuildFile; fileRef = FA36208E25CC84D000DFE70E /* ApiError.swift */; };
		FA36209D25CC89A700DFE70E /* StringResources.swift in Sources */ = {isa = PBXBuildFile; fileRef = FA36209B25CC89A700DFE70E /* StringResources.swift */; };
		FA36209E25CC89A700DFE70E /* Colors.swift in Sources */ = {isa = PBXBuildFile; fileRef = FA36209C25CC89A700DFE70E /* Colors.swift */; };
		FA3620A125CC8A8E00DFE70E /* DIContainerConfigurator.swift in Sources */ = {isa = PBXBuildFile; fileRef = FA3620A025CC8A8E00DFE70E /* DIContainerConfigurator.swift */; };
		FA3620A525CC8B0F00DFE70E /* StringExtensions.swift in Sources */ = {isa = PBXBuildFile; fileRef = FA3620A325CC8B0F00DFE70E /* StringExtensions.swift */; };
		FA3620A625CC8B0F00DFE70E /* NSObjectExtensions.swift in Sources */ = {isa = PBXBuildFile; fileRef = FA3620A425CC8B0F00DFE70E /* NSObjectExtensions.swift */; };
		FA3F72B42608ED1A00F3004F /* ExtendedRealityKitViewDelegate.swift in Sources */ = {isa = PBXBuildFile; fileRef = FA3F72B32608ED1A00F3004F /* ExtendedRealityKitViewDelegate.swift */; };
		FA424D3B25EA83CE00637EB7 /* Menu3DItemRealityKit.swift in Sources */ = {isa = PBXBuildFile; fileRef = FA424D3A25EA83CE00637EB7 /* Menu3DItemRealityKit.swift */; };
		FA424D3E25EA919F00637EB7 /* MenuViewController.swift in Sources */ = {isa = PBXBuildFile; fileRef = FA424D3D25EA919F00637EB7 /* MenuViewController.swift */; };
		FA43319725F18F39008D8AC2 /* MaskFittingViewController.swift in Sources */ = {isa = PBXBuildFile; fileRef = FA43319625F18F39008D8AC2 /* MaskFittingViewController.swift */; };
		FA45B97625E7C263005CBC38 /* LocationManager.swift in Sources */ = {isa = PBXBuildFile; fileRef = FA45B97525E7C263005CBC38 /* LocationManager.swift */; };
		FA45B97925E7CD0B005CBC38 /* DimentionalDirection.swift in Sources */ = {isa = PBXBuildFile; fileRef = FA45B97825E7CD0B005CBC38 /* DimentionalDirection.swift */; };
		FA45B97D25E7CE7A005CBC38 /* TransformType.swift in Sources */ = {isa = PBXBuildFile; fileRef = FA45B97C25E7CE7A005CBC38 /* TransformType.swift */; };
		FA45B98125E7DFCE005CBC38 /* DoubleExtensions.swift in Sources */ = {isa = PBXBuildFile; fileRef = FA45B98025E7DFCE005CBC38 /* DoubleExtensions.swift */; };
		FA45B98425E80349005CBC38 /* AppDelegate.swift in Sources */ = {isa = PBXBuildFile; fileRef = FA45B98325E80349005CBC38 /* AppDelegate.swift */; };
		FA496163263748A900EE967E /* UIApplicationExtensions.swift in Sources */ = {isa = PBXBuildFile; fileRef = FA496162263748A900EE967E /* UIApplicationExtensions.swift */; };
		FA4961692638247F00EE967E /* SmartRoomARViewController.swift in Sources */ = {isa = PBXBuildFile; fileRef = FA4961682638247F00EE967E /* SmartRoomARViewController.swift */; };
		FA49616D263824C700EE967E /* SmartRoomARViewModel.swift in Sources */ = {isa = PBXBuildFile; fileRef = FA49616C263824C700EE967E /* SmartRoomARViewModel.swift */; };
		FA4FE01625CC4C4900D1EFC6 /* URLRequestBuilder.swift in Sources */ = {isa = PBXBuildFile; fileRef = FA4FE01025CC4C4900D1EFC6 /* URLRequestBuilder.swift */; };
		FA4FE01725CC4C4900D1EFC6 /* ApiConstants.swift in Sources */ = {isa = PBXBuildFile; fileRef = FA4FE01125CC4C4900D1EFC6 /* ApiConstants.swift */; };
		FA4FE01825CC4C4900D1EFC6 /* BaseApiService.swift in Sources */ = {isa = PBXBuildFile; fileRef = FA4FE01225CC4C4900D1EFC6 /* BaseApiService.swift */; };
		FA4FE01925CC4C4900D1EFC6 /* ErrorHandler.swift in Sources */ = {isa = PBXBuildFile; fileRef = FA4FE01325CC4C4900D1EFC6 /* ErrorHandler.swift */; };
		FA4FE01A25CC4C4900D1EFC6 /* ApiErrorLogger.swift in Sources */ = {isa = PBXBuildFile; fileRef = FA4FE01425CC4C4900D1EFC6 /* ApiErrorLogger.swift */; };
		FA5280B62609334800EEBE40 /* ARPageType.swift in Sources */ = {isa = PBXBuildFile; fileRef = FA5280B52609334800EEBE40 /* ARPageType.swift */; };
		FA5280BA2609476600EEBE40 /* BaseViewController.swift in Sources */ = {isa = PBXBuildFile; fileRef = FA5280B92609476600EEBE40 /* BaseViewController.swift */; };
		FA5A54EF25E573060023E448 /* MaskFittingViewModel.swift in Sources */ = {isa = PBXBuildFile; fileRef = FA5A54EE25E573060023E448 /* MaskFittingViewModel.swift */; };
		FA5A54F225E578300023E448 /* MaskList.swift in Sources */ = {isa = PBXBuildFile; fileRef = FA5A54F125E578300023E448 /* MaskList.swift */; };
		FA5CED8225E95A650089B31F /* DroneARViewController.swift in Sources */ = {isa = PBXBuildFile; fileRef = FA5CED8125E95A650089B31F /* DroneARViewController.swift */; };
		FA5CED8825E95C5D0089B31F /* JoysticksWithMapView.swift in Sources */ = {isa = PBXBuildFile; fileRef = FA5CED8725E95C5D0089B31F /* JoysticksWithMapView.swift */; };
		FA5CED8C25E968220089B31F /* AnyPublisherExtensions.swift in Sources */ = {isa = PBXBuildFile; fileRef = FA5CED8B25E968220089B31F /* AnyPublisherExtensions.swift */; };
		FA5F087F25EFF49A004CF5D0 /* GlobalStyles.swift in Sources */ = {isa = PBXBuildFile; fileRef = FA5F087E25EFF49A004CF5D0 /* GlobalStyles.swift */; };
		FA5F088525F008E2004CF5D0 /* SectionDetailBaseViewController.swift in Sources */ = {isa = PBXBuildFile; fileRef = FA5F088425F008E2004CF5D0 /* SectionDetailBaseViewController.swift */; };
		FA64CD1A26285CF300CCDD47 /* UIColorExtensions.swift in Sources */ = {isa = PBXBuildFile; fileRef = FA64CD1926285CF300CCDD47 /* UIColorExtensions.swift */; };
		FA64CD1D2628CEE100CCDD47 /* ARViewExtensions.swift in Sources */ = {isa = PBXBuildFile; fileRef = FA64CD1C2628CEE100CCDD47 /* ARViewExtensions.swift */; };
		FA64CD202628D66700CCDD47 /* TakeSnapshotButton.swift in Sources */ = {isa = PBXBuildFile; fileRef = FA64CD1F2628D66700CCDD47 /* TakeSnapshotButton.swift */; };
		FA64CD232628E3B700CCDD47 /* Progress.swift in Sources */ = {isa = PBXBuildFile; fileRef = FA64CD222628E3B700CCDD47 /* Progress.swift */; };
		FA64CD262628EDEA00CCDD47 /* BaseViewModel.swift in Sources */ = {isa = PBXBuildFile; fileRef = FA64CD252628EDEA00CCDD47 /* BaseViewModel.swift */; };
		FA66CF412625E87D003A5286 /* PageDialogService.swift in Sources */ = {isa = PBXBuildFile; fileRef = FA66CF402625E87D003A5286 /* PageDialogService.swift */; };
		FA6B3A5725D1516200B0C3C2 /* MenuViewModel.swift in Sources */ = {isa = PBXBuildFile; fileRef = FA6B3A5625D1516200B0C3C2 /* MenuViewModel.swift */; };
		FA7E8E6025EFB97300F3D345 /* GeneralARViewController.swift in Sources */ = {isa = PBXBuildFile; fileRef = FA7E8E5F25EFB97300F3D345 /* GeneralARViewController.swift */; };
		FA7E8E6825EFCAF400F3D345 /* NavBar.swift in Sources */ = {isa = PBXBuildFile; fileRef = FA7E8E6725EFCAF400F3D345 /* NavBar.swift */; };
		FA80BF7525CA9BC600FD78ED /* Assets.xcassets in Resources */ = {isa = PBXBuildFile; fileRef = FA80BF7425CA9BC600FD78ED /* Assets.xcassets */; };
		FA80BF7825CA9BC600FD78ED /* Preview Assets.xcassets in Resources */ = {isa = PBXBuildFile; fileRef = FA80BF7725CA9BC600FD78ED /* Preview Assets.xcassets */; };
		FA8A87C425E3FED100D1BBE3 /* AugmentedObjectType.swift in Sources */ = {isa = PBXBuildFile; fileRef = FA8A87C325E3FED100D1BBE3 /* AugmentedObjectType.swift */; };
		FA8A87CC25E4339A00D1BBE3 /* GeneralARViewModel.swift in Sources */ = {isa = PBXBuildFile; fileRef = FA8A87CB25E4339A00D1BBE3 /* GeneralARViewModel.swift */; };
		FA8A87CF25E4349C00D1BBE3 /* Object3DButton.swift in Sources */ = {isa = PBXBuildFile; fileRef = FA8A87CE25E4349C00D1BBE3 /* Object3DButton.swift */; };
		FA93BEAF26319B94009365A9 /* InteractionMessage.swift in Sources */ = {isa = PBXBuildFile; fileRef = FA93BEAE26319B94009365A9 /* InteractionMessage.swift */; };
		FA93BEB22631B62B009365A9 /* ARScannerViewController.swift in Sources */ = {isa = PBXBuildFile; fileRef = FA93BEB12631B62B009365A9 /* ARScannerViewController.swift */; };
		FA93BEB52631B969009365A9 /* ARScannerViewModel.swift in Sources */ = {isa = PBXBuildFile; fileRef = FA93BEB42631B969009365A9 /* ARScannerViewModel.swift */; };
		FAA5C22D25DED96F00BD1B1E /* SwiftUI Color Extensions.swift in Sources */ = {isa = PBXBuildFile; fileRef = FAA5C22C25DED96F00BD1B1E /* SwiftUI Color Extensions.swift */; };
		FAA5C23025DEE46D00BD1B1E /* GetStartedButton.swift in Sources */ = {isa = PBXBuildFile; fileRef = FAA5C22F25DEE46D00BD1B1E /* GetStartedButton.swift */; };
		FAA5C23325DEE72600BD1B1E /* SectionDescription.swift in Sources */ = {isa = PBXBuildFile; fileRef = FAA5C23225DEE72600BD1B1E /* SectionDescription.swift */; };
		FAA5C23725DEE8C100BD1B1E /* ComplexDescriptionView.swift in Sources */ = {isa = PBXBuildFile; fileRef = FAA5C23625DEE8C100BD1B1E /* ComplexDescriptionView.swift */; };
		FAA5C23A25DEE98B00BD1B1E /* ArrayExtensions.swift in Sources */ = {isa = PBXBuildFile; fileRef = FAA5C23925DEE98B00BD1B1E /* ArrayExtensions.swift */; };
		FAA5C26625DFB65600BD1B1E /* SectionWithComplexDescriptionView.swift in Sources */ = {isa = PBXBuildFile; fileRef = FAA5C26525DFB65600BD1B1E /* SectionWithComplexDescriptionView.swift */; };
		FAA5C26A25DFC88F00BD1B1E /* SectionObjectsView.swift in Sources */ = {isa = PBXBuildFile; fileRef = FAA5C26925DFC88F00BD1B1E /* SectionObjectsView.swift */; };
		FAA5C26D25E043B300BD1B1E /* HealthSectionView.swift in Sources */ = {isa = PBXBuildFile; fileRef = FAA5C26C25E043B300BD1B1E /* HealthSectionView.swift */; };
		FAA9C89325CD5E8E005BA9EE /* ComplexDescription.swift in Sources */ = {isa = PBXBuildFile; fileRef = FAA9C88925CD5E8E005BA9EE /* ComplexDescription.swift */; };
		FAA9C89425CD5E8E005BA9EE /* FileData.swift in Sources */ = {isa = PBXBuildFile; fileRef = FAA9C88A25CD5E8E005BA9EE /* FileData.swift */; };
		FAA9C89525CD5E8E005BA9EE /* ComplexDescriptionItem.swift in Sources */ = {isa = PBXBuildFile; fileRef = FAA9C88B25CD5E8E005BA9EE /* ComplexDescriptionItem.swift */; };
		FAA9C89625CD5E8E005BA9EE /* Environment.swift in Sources */ = {isa = PBXBuildFile; fileRef = FAA9C88C25CD5E8E005BA9EE /* Environment.swift */; };
		FAA9C89725CD5E8E005BA9EE /* Object3dData.swift in Sources */ = {isa = PBXBuildFile; fileRef = FAA9C88D25CD5E8E005BA9EE /* Object3dData.swift */; };
		FAA9C89825CD5E8E005BA9EE /* VideoData.swift in Sources */ = {isa = PBXBuildFile; fileRef = FAA9C88E25CD5E8E005BA9EE /* VideoData.swift */; };
		FAA9C89925CD5E8E005BA9EE /* Mask.swift in Sources */ = {isa = PBXBuildFile; fileRef = FAA9C88F25CD5E8E005BA9EE /* Mask.swift */; };
		FAA9C89A25CD5E8E005BA9EE /* ObjectData.swift in Sources */ = {isa = PBXBuildFile; fileRef = FAA9C89025CD5E8E005BA9EE /* ObjectData.swift */; };
		FAA9C89C25CD5E8E005BA9EE /* Section.swift in Sources */ = {isa = PBXBuildFile; fileRef = FAA9C89225CD5E8E005BA9EE /* Section.swift */; };
		FAAF7E0525F7BD2400CBDBF0 /* ProgressBar.swift in Sources */ = {isa = PBXBuildFile; fileRef = FAAF7E0425F7BD2400CBDBF0 /* ProgressBar.swift */; };
		FAAF7E1F25F8176600CBDBF0 /* ImageData.swift in Sources */ = {isa = PBXBuildFile; fileRef = FAAF7E1E25F8176600CBDBF0 /* ImageData.swift */; };
		FAAF7E2225F817A400CBDBF0 /* FileProtocol.swift in Sources */ = {isa = PBXBuildFile; fileRef = FAAF7E2125F817A400CBDBF0 /* FileProtocol.swift */; };
		FAAF7E2825F8EA1400CBDBF0 /* ImageFromFile.swift in Sources */ = {isa = PBXBuildFile; fileRef = FAAF7E2725F8EA1400CBDBF0 /* ImageFromFile.swift */; };
		FAAF7E2B25F8EE0F00CBDBF0 /* URLExtensions.swift in Sources */ = {isa = PBXBuildFile; fileRef = FAAF7E2A25F8EE0F00CBDBF0 /* URLExtensions.swift */; };
		FAAF7E3125F9326D00CBDBF0 /* UIImageExtensions.swift in Sources */ = {isa = PBXBuildFile; fileRef = FAAF7E3025F9326D00CBDBF0 /* UIImageExtensions.swift */; };
		FAAF7E3525F945F600CBDBF0 /* Constants.swift in Sources */ = {isa = PBXBuildFile; fileRef = FAAF7E3425F945F600CBDBF0 /* Constants.swift */; };
		FAAF7E3E25FAA1F000CBDBF0 /* FileLoader.swift in Sources */ = {isa = PBXBuildFile; fileRef = FAAF7E3D25FAA1F000CBDBF0 /* FileLoader.swift */; };
		FAC04B0726038C7C00DBB692 /* SimpleSectionView.swift in Sources */ = {isa = PBXBuildFile; fileRef = FAC04B0626038C7C00DBB692 /* SimpleSectionView.swift */; };
		FAC04B0B2603962300DBB692 /* ARDrawingViewController.swift in Sources */ = {isa = PBXBuildFile; fileRef = FAC04B0A2603962300DBB692 /* ARDrawingViewController.swift */; };
		FAC04B122603A73000DBB692 /* SCNVector3Extensions.swift in Sources */ = {isa = PBXBuildFile; fileRef = FAC04B112603A73000DBB692 /* SCNVector3Extensions.swift */; };
		FAC04B152603AE3F00DBB692 /* art.scnassets in Resources */ = {isa = PBXBuildFile; fileRef = FAC04B142603AE3F00DBB692 /* art.scnassets */; };
		FAC04B322603D6DB00DBB692 /* logo.png in Resources */ = {isa = PBXBuildFile; fileRef = FAC04B312603D6DB00DBB692 /* logo.png */; };
		FAC04B372603DFFE00DBB692 /* LaunchScreen.storyboard in Resources */ = {isa = PBXBuildFile; fileRef = FAC04B362603DFFE00DBB692 /* LaunchScreen.storyboard */; };
		FAC04B472604C4C500DBB692 /* OnboardingViewController.swift in Sources */ = {isa = PBXBuildFile; fileRef = FAC04B462604C4C500DBB692 /* OnboardingViewController.swift */; };
		FAC04B4B2604C4ED00DBB692 /* OnboardingView.swift in Sources */ = {isa = PBXBuildFile; fileRef = FAC04B4A2604C4ED00DBB692 /* OnboardingView.swift */; };
		FAC04B4E2604D92D00DBB692 /* OnboardingViewModel.swift in Sources */ = {isa = PBXBuildFile; fileRef = FAC04B4D2604D92D00DBB692 /* OnboardingViewModel.swift */; };
		FAD0DCC125EE9F390033B559 /* LoadingViewWithProgressBar.swift in Sources */ = {isa = PBXBuildFile; fileRef = FAD0DCC025EE9F390033B559 /* LoadingViewWithProgressBar.swift */; };
		FAD3B1E325D1EAC700708AE9 /* MenuItemData.swift in Sources */ = {isa = PBXBuildFile; fileRef = FAD3B1E225D1EAC700708AE9 /* MenuItemData.swift */; };
		FAD3B20825D2B05400708AE9 /* MenuService.swift in Sources */ = {isa = PBXBuildFile; fileRef = FAD3B20725D2B05400708AE9 /* MenuService.swift */; };
		FAD3B21325D2D06300708AE9 /* UIViewExtensions.swift in Sources */ = {isa = PBXBuildFile; fileRef = FAD3B21225D2D06300708AE9 /* UIViewExtensions.swift */; };
/* End PBXBuildFile section */

/* Begin PBXFileReference section */
		1189383F6BDEFD712629F3EB /* Pods-SmARt.debug.xcconfig */ = {isa = PBXFileReference; includeInIndex = 1; lastKnownFileType = text.xcconfig; name = "Pods-SmARt.debug.xcconfig"; path = "Target Support Files/Pods-SmARt/Pods-SmARt.debug.xcconfig"; sourceTree = "<group>"; };
		59A56DDDA543FC89BB770483 /* Pods-SmARt.release.xcconfig */ = {isa = PBXFileReference; includeInIndex = 1; lastKnownFileType = text.xcconfig; name = "Pods-SmARt.release.xcconfig"; path = "Target Support Files/Pods-SmARt/Pods-SmARt.release.xcconfig"; sourceTree = "<group>"; };
		609AC0DC49D0EDA7A517DADC /* Pods_SmARt.framework */ = {isa = PBXFileReference; explicitFileType = wrapper.framework; includeInIndex = 0; path = Pods_SmARt.framework; sourceTree = BUILT_PRODUCTS_DIR; };
		FA10603825DD4A47007E6898 /* SectionDetailBaseViewModel.swift */ = {isa = PBXFileReference; lastKnownFileType = sourcecode.swift; path = SectionDetailBaseViewModel.swift; sourceTree = "<group>"; };
		FA10603F25DD7629007E6898 /* MenuItemType.swift */ = {isa = PBXFileReference; lastKnownFileType = sourcecode.swift; path = MenuItemType.swift; sourceTree = "<group>"; };
		FA10604625DD8796007E6898 /* SectionDetailBaseView.swift */ = {isa = PBXFileReference; lastKnownFileType = sourcecode.swift; path = SectionDetailBaseView.swift; sourceTree = "<group>"; };
		FA10605525DD9930007E6898 /* UIScreen.swift */ = {isa = PBXFileReference; lastKnownFileType = sourcecode.swift; path = UIScreen.swift; sourceTree = "<group>"; };
		FA2273FD25E454E300DA6FCB /* WorldTrackingRealityKitView.swift */ = {isa = PBXFileReference; lastKnownFileType = sourcecode.swift; path = WorldTrackingRealityKitView.swift; sourceTree = "<group>"; };
		FA2656B425E679D60025ACB1 /* SmartTourismView.swift */ = {isa = PBXFileReference; lastKnownFileType = sourcecode.swift; path = SmartTourismView.swift; sourceTree = "<group>"; };
		FA2656CA25E695930025ACB1 /* DroneARViewModel.swift */ = {isa = PBXFileReference; lastKnownFileType = sourcecode.swift; path = DroneARViewModel.swift; sourceTree = "<group>"; };
		FA2656E025E6D5550025ACB1 /* Joystick.swift */ = {isa = PBXFileReference; lastKnownFileType = sourcecode.swift; path = Joystick.swift; sourceTree = "<group>"; };
		FA2656E325E6D6FA0025ACB1 /* JoystickDirection.swift */ = {isa = PBXFileReference; lastKnownFileType = sourcecode.swift; path = JoystickDirection.swift; sourceTree = "<group>"; };
		FA2656E625E6D9DD0025ACB1 /* JoystickButton.swift */ = {isa = PBXFileReference; lastKnownFileType = sourcecode.swift; path = JoystickButton.swift; sourceTree = "<group>"; };
		FA36208E25CC84D000DFE70E /* ApiError.swift */ = {isa = PBXFileReference; lastKnownFileType = sourcecode.swift; path = ApiError.swift; sourceTree = "<group>"; };
		FA36209B25CC89A700DFE70E /* StringResources.swift */ = {isa = PBXFileReference; fileEncoding = 4; lastKnownFileType = sourcecode.swift; path = StringResources.swift; sourceTree = "<group>"; };
		FA36209C25CC89A700DFE70E /* Colors.swift */ = {isa = PBXFileReference; fileEncoding = 4; lastKnownFileType = sourcecode.swift; path = Colors.swift; sourceTree = "<group>"; };
		FA3620A025CC8A8E00DFE70E /* DIContainerConfigurator.swift */ = {isa = PBXFileReference; fileEncoding = 4; lastKnownFileType = sourcecode.swift; path = DIContainerConfigurator.swift; sourceTree = "<group>"; };
		FA3620A325CC8B0F00DFE70E /* StringExtensions.swift */ = {isa = PBXFileReference; fileEncoding = 4; lastKnownFileType = sourcecode.swift; path = StringExtensions.swift; sourceTree = "<group>"; };
		FA3620A425CC8B0F00DFE70E /* NSObjectExtensions.swift */ = {isa = PBXFileReference; fileEncoding = 4; lastKnownFileType = sourcecode.swift; path = NSObjectExtensions.swift; sourceTree = "<group>"; };
		FA3F72B32608ED1A00F3004F /* ExtendedRealityKitViewDelegate.swift */ = {isa = PBXFileReference; lastKnownFileType = sourcecode.swift; path = ExtendedRealityKitViewDelegate.swift; sourceTree = "<group>"; };
		FA424D3A25EA83CE00637EB7 /* Menu3DItemRealityKit.swift */ = {isa = PBXFileReference; lastKnownFileType = sourcecode.swift; path = Menu3DItemRealityKit.swift; sourceTree = "<group>"; };
		FA424D3D25EA919F00637EB7 /* MenuViewController.swift */ = {isa = PBXFileReference; lastKnownFileType = sourcecode.swift; path = MenuViewController.swift; sourceTree = "<group>"; };
		FA43319625F18F39008D8AC2 /* MaskFittingViewController.swift */ = {isa = PBXFileReference; lastKnownFileType = sourcecode.swift; path = MaskFittingViewController.swift; sourceTree = "<group>"; };
		FA45B97525E7C263005CBC38 /* LocationManager.swift */ = {isa = PBXFileReference; lastKnownFileType = sourcecode.swift; path = LocationManager.swift; sourceTree = "<group>"; };
		FA45B97825E7CD0B005CBC38 /* DimentionalDirection.swift */ = {isa = PBXFileReference; lastKnownFileType = sourcecode.swift; path = DimentionalDirection.swift; sourceTree = "<group>"; };
		FA45B97C25E7CE7A005CBC38 /* TransformType.swift */ = {isa = PBXFileReference; lastKnownFileType = sourcecode.swift; path = TransformType.swift; sourceTree = "<group>"; };
		FA45B98025E7DFCE005CBC38 /* DoubleExtensions.swift */ = {isa = PBXFileReference; lastKnownFileType = sourcecode.swift; path = DoubleExtensions.swift; sourceTree = "<group>"; };
		FA45B98325E80349005CBC38 /* AppDelegate.swift */ = {isa = PBXFileReference; lastKnownFileType = sourcecode.swift; path = AppDelegate.swift; sourceTree = "<group>"; };
		FA496162263748A900EE967E /* UIApplicationExtensions.swift */ = {isa = PBXFileReference; fileEncoding = 4; lastKnownFileType = sourcecode.swift; path = UIApplicationExtensions.swift; sourceTree = "<group>"; };
		FA4961682638247F00EE967E /* SmartRoomARViewController.swift */ = {isa = PBXFileReference; lastKnownFileType = sourcecode.swift; path = SmartRoomARViewController.swift; sourceTree = "<group>"; };
		FA49616C263824C700EE967E /* SmartRoomARViewModel.swift */ = {isa = PBXFileReference; lastKnownFileType = sourcecode.swift; path = SmartRoomARViewModel.swift; sourceTree = "<group>"; };
		FA4FE01025CC4C4900D1EFC6 /* URLRequestBuilder.swift */ = {isa = PBXFileReference; fileEncoding = 4; lastKnownFileType = sourcecode.swift; path = URLRequestBuilder.swift; sourceTree = "<group>"; };
		FA4FE01125CC4C4900D1EFC6 /* ApiConstants.swift */ = {isa = PBXFileReference; fileEncoding = 4; lastKnownFileType = sourcecode.swift; path = ApiConstants.swift; sourceTree = "<group>"; };
		FA4FE01225CC4C4900D1EFC6 /* BaseApiService.swift */ = {isa = PBXFileReference; fileEncoding = 4; lastKnownFileType = sourcecode.swift; path = BaseApiService.swift; sourceTree = "<group>"; };
		FA4FE01325CC4C4900D1EFC6 /* ErrorHandler.swift */ = {isa = PBXFileReference; fileEncoding = 4; lastKnownFileType = sourcecode.swift; path = ErrorHandler.swift; sourceTree = "<group>"; };
		FA4FE01425CC4C4900D1EFC6 /* ApiErrorLogger.swift */ = {isa = PBXFileReference; fileEncoding = 4; lastKnownFileType = sourcecode.swift; path = ApiErrorLogger.swift; sourceTree = "<group>"; };
		FA5280B52609334800EEBE40 /* ARPageType.swift */ = {isa = PBXFileReference; lastKnownFileType = sourcecode.swift; path = ARPageType.swift; sourceTree = "<group>"; };
		FA5280B92609476600EEBE40 /* BaseViewController.swift */ = {isa = PBXFileReference; lastKnownFileType = sourcecode.swift; path = BaseViewController.swift; sourceTree = "<group>"; };
		FA5A54EE25E573060023E448 /* MaskFittingViewModel.swift */ = {isa = PBXFileReference; lastKnownFileType = sourcecode.swift; path = MaskFittingViewModel.swift; sourceTree = "<group>"; };
		FA5A54F125E578300023E448 /* MaskList.swift */ = {isa = PBXFileReference; lastKnownFileType = sourcecode.swift; path = MaskList.swift; sourceTree = "<group>"; };
		FA5CED8125E95A650089B31F /* DroneARViewController.swift */ = {isa = PBXFileReference; lastKnownFileType = sourcecode.swift; path = DroneARViewController.swift; sourceTree = "<group>"; };
		FA5CED8725E95C5D0089B31F /* JoysticksWithMapView.swift */ = {isa = PBXFileReference; lastKnownFileType = sourcecode.swift; path = JoysticksWithMapView.swift; sourceTree = "<group>"; };
		FA5CED8B25E968220089B31F /* AnyPublisherExtensions.swift */ = {isa = PBXFileReference; lastKnownFileType = sourcecode.swift; path = AnyPublisherExtensions.swift; sourceTree = "<group>"; };
		FA5F087E25EFF49A004CF5D0 /* GlobalStyles.swift */ = {isa = PBXFileReference; fileEncoding = 4; lastKnownFileType = sourcecode.swift; path = GlobalStyles.swift; sourceTree = "<group>"; };
		FA5F088425F008E2004CF5D0 /* SectionDetailBaseViewController.swift */ = {isa = PBXFileReference; lastKnownFileType = sourcecode.swift; path = SectionDetailBaseViewController.swift; sourceTree = "<group>"; };
		FA64CD1926285CF300CCDD47 /* UIColorExtensions.swift */ = {isa = PBXFileReference; lastKnownFileType = sourcecode.swift; path = UIColorExtensions.swift; sourceTree = "<group>"; };
		FA64CD1C2628CEE100CCDD47 /* ARViewExtensions.swift */ = {isa = PBXFileReference; lastKnownFileType = sourcecode.swift; path = ARViewExtensions.swift; sourceTree = "<group>"; };
		FA64CD1F2628D66700CCDD47 /* TakeSnapshotButton.swift */ = {isa = PBXFileReference; lastKnownFileType = sourcecode.swift; path = TakeSnapshotButton.swift; sourceTree = "<group>"; };
		FA64CD222628E3B700CCDD47 /* Progress.swift */ = {isa = PBXFileReference; lastKnownFileType = sourcecode.swift; path = Progress.swift; sourceTree = "<group>"; };
		FA64CD252628EDEA00CCDD47 /* BaseViewModel.swift */ = {isa = PBXFileReference; lastKnownFileType = sourcecode.swift; path = BaseViewModel.swift; sourceTree = "<group>"; };
		FA66CF402625E87D003A5286 /* PageDialogService.swift */ = {isa = PBXFileReference; fileEncoding = 4; lastKnownFileType = sourcecode.swift; path = PageDialogService.swift; sourceTree = "<group>"; };
		FA6B3A5625D1516200B0C3C2 /* MenuViewModel.swift */ = {isa = PBXFileReference; lastKnownFileType = sourcecode.swift; path = MenuViewModel.swift; sourceTree = "<group>"; };
		FA7E8E5F25EFB97300F3D345 /* GeneralARViewController.swift */ = {isa = PBXFileReference; lastKnownFileType = sourcecode.swift; path = GeneralARViewController.swift; sourceTree = "<group>"; };
		FA7E8E6725EFCAF400F3D345 /* NavBar.swift */ = {isa = PBXFileReference; lastKnownFileType = sourcecode.swift; path = NavBar.swift; sourceTree = "<group>"; };
		FA80BF6D25CA9BC500FD78ED /* SmARt.app */ = {isa = PBXFileReference; explicitFileType = wrapper.application; includeInIndex = 0; path = SmARt.app; sourceTree = BUILT_PRODUCTS_DIR; };
		FA80BF7425CA9BC600FD78ED /* Assets.xcassets */ = {isa = PBXFileReference; lastKnownFileType = folder.assetcatalog; path = Assets.xcassets; sourceTree = "<group>"; };
		FA80BF7725CA9BC600FD78ED /* Preview Assets.xcassets */ = {isa = PBXFileReference; lastKnownFileType = folder.assetcatalog; path = "Preview Assets.xcassets"; sourceTree = "<group>"; };
		FA80BF7925CA9BC600FD78ED /* Info.plist */ = {isa = PBXFileReference; lastKnownFileType = text.plist.xml; path = Info.plist; sourceTree = "<group>"; };
		FA8A87C325E3FED100D1BBE3 /* AugmentedObjectType.swift */ = {isa = PBXFileReference; lastKnownFileType = sourcecode.swift; path = AugmentedObjectType.swift; sourceTree = "<group>"; };
		FA8A87CB25E4339A00D1BBE3 /* GeneralARViewModel.swift */ = {isa = PBXFileReference; lastKnownFileType = sourcecode.swift; path = GeneralARViewModel.swift; sourceTree = "<group>"; };
		FA8A87CE25E4349C00D1BBE3 /* Object3DButton.swift */ = {isa = PBXFileReference; lastKnownFileType = sourcecode.swift; path = Object3DButton.swift; sourceTree = "<group>"; };
		FA93BEAE26319B94009365A9 /* InteractionMessage.swift */ = {isa = PBXFileReference; lastKnownFileType = sourcecode.swift; path = InteractionMessage.swift; sourceTree = "<group>"; };
		FA93BEB12631B62B009365A9 /* ARScannerViewController.swift */ = {isa = PBXFileReference; lastKnownFileType = sourcecode.swift; path = ARScannerViewController.swift; sourceTree = "<group>"; };
		FA93BEB42631B969009365A9 /* ARScannerViewModel.swift */ = {isa = PBXFileReference; lastKnownFileType = sourcecode.swift; path = ARScannerViewModel.swift; sourceTree = "<group>"; };
		FAA5C22C25DED96F00BD1B1E /* SwiftUI Color Extensions.swift */ = {isa = PBXFileReference; lastKnownFileType = sourcecode.swift; path = "SwiftUI Color Extensions.swift"; sourceTree = "<group>"; };
		FAA5C22F25DEE46D00BD1B1E /* GetStartedButton.swift */ = {isa = PBXFileReference; lastKnownFileType = sourcecode.swift; path = GetStartedButton.swift; sourceTree = "<group>"; };
		FAA5C23225DEE72600BD1B1E /* SectionDescription.swift */ = {isa = PBXFileReference; lastKnownFileType = sourcecode.swift; path = SectionDescription.swift; sourceTree = "<group>"; };
		FAA5C23625DEE8C100BD1B1E /* ComplexDescriptionView.swift */ = {isa = PBXFileReference; lastKnownFileType = sourcecode.swift; path = ComplexDescriptionView.swift; sourceTree = "<group>"; };
		FAA5C23925DEE98B00BD1B1E /* ArrayExtensions.swift */ = {isa = PBXFileReference; lastKnownFileType = sourcecode.swift; path = ArrayExtensions.swift; sourceTree = "<group>"; };
		FAA5C26525DFB65600BD1B1E /* SectionWithComplexDescriptionView.swift */ = {isa = PBXFileReference; lastKnownFileType = sourcecode.swift; path = SectionWithComplexDescriptionView.swift; sourceTree = "<group>"; };
		FAA5C26925DFC88F00BD1B1E /* SectionObjectsView.swift */ = {isa = PBXFileReference; lastKnownFileType = sourcecode.swift; path = SectionObjectsView.swift; sourceTree = "<group>"; };
		FAA5C26C25E043B300BD1B1E /* HealthSectionView.swift */ = {isa = PBXFileReference; lastKnownFileType = sourcecode.swift; path = HealthSectionView.swift; sourceTree = "<group>"; };
		FAA9C88925CD5E8E005BA9EE /* ComplexDescription.swift */ = {isa = PBXFileReference; fileEncoding = 4; lastKnownFileType = sourcecode.swift; path = ComplexDescription.swift; sourceTree = "<group>"; };
		FAA9C88A25CD5E8E005BA9EE /* FileData.swift */ = {isa = PBXFileReference; fileEncoding = 4; lastKnownFileType = sourcecode.swift; path = FileData.swift; sourceTree = "<group>"; };
		FAA9C88B25CD5E8E005BA9EE /* ComplexDescriptionItem.swift */ = {isa = PBXFileReference; fileEncoding = 4; lastKnownFileType = sourcecode.swift; path = ComplexDescriptionItem.swift; sourceTree = "<group>"; };
		FAA9C88C25CD5E8E005BA9EE /* Environment.swift */ = {isa = PBXFileReference; fileEncoding = 4; lastKnownFileType = sourcecode.swift; path = Environment.swift; sourceTree = "<group>"; };
		FAA9C88D25CD5E8E005BA9EE /* Object3dData.swift */ = {isa = PBXFileReference; fileEncoding = 4; lastKnownFileType = sourcecode.swift; path = Object3dData.swift; sourceTree = "<group>"; };
		FAA9C88E25CD5E8E005BA9EE /* VideoData.swift */ = {isa = PBXFileReference; fileEncoding = 4; lastKnownFileType = sourcecode.swift; path = VideoData.swift; sourceTree = "<group>"; };
		FAA9C88F25CD5E8E005BA9EE /* Mask.swift */ = {isa = PBXFileReference; fileEncoding = 4; lastKnownFileType = sourcecode.swift; path = Mask.swift; sourceTree = "<group>"; };
		FAA9C89025CD5E8E005BA9EE /* ObjectData.swift */ = {isa = PBXFileReference; fileEncoding = 4; lastKnownFileType = sourcecode.swift; path = ObjectData.swift; sourceTree = "<group>"; };
		FAA9C89225CD5E8E005BA9EE /* Section.swift */ = {isa = PBXFileReference; fileEncoding = 4; lastKnownFileType = sourcecode.swift; path = Section.swift; sourceTree = "<group>"; };
		FAAF7E0425F7BD2400CBDBF0 /* ProgressBar.swift */ = {isa = PBXFileReference; lastKnownFileType = sourcecode.swift; path = ProgressBar.swift; sourceTree = "<group>"; };
		FAAF7E1E25F8176600CBDBF0 /* ImageData.swift */ = {isa = PBXFileReference; fileEncoding = 4; lastKnownFileType = sourcecode.swift; path = ImageData.swift; sourceTree = "<group>"; };
		FAAF7E2125F817A400CBDBF0 /* FileProtocol.swift */ = {isa = PBXFileReference; lastKnownFileType = sourcecode.swift; path = FileProtocol.swift; sourceTree = "<group>"; };
		FAAF7E2725F8EA1400CBDBF0 /* ImageFromFile.swift */ = {isa = PBXFileReference; lastKnownFileType = sourcecode.swift; path = ImageFromFile.swift; sourceTree = "<group>"; };
		FAAF7E2A25F8EE0F00CBDBF0 /* URLExtensions.swift */ = {isa = PBXFileReference; lastKnownFileType = sourcecode.swift; path = URLExtensions.swift; sourceTree = "<group>"; };
		FAAF7E3025F9326D00CBDBF0 /* UIImageExtensions.swift */ = {isa = PBXFileReference; fileEncoding = 4; lastKnownFileType = sourcecode.swift; path = UIImageExtensions.swift; sourceTree = "<group>"; };
		FAAF7E3425F945F600CBDBF0 /* Constants.swift */ = {isa = PBXFileReference; lastKnownFileType = sourcecode.swift; path = Constants.swift; sourceTree = "<group>"; };
		FAAF7E3D25FAA1F000CBDBF0 /* FileLoader.swift */ = {isa = PBXFileReference; lastKnownFileType = sourcecode.swift; path = FileLoader.swift; sourceTree = "<group>"; };
		FAC04B0626038C7C00DBB692 /* SimpleSectionView.swift */ = {isa = PBXFileReference; lastKnownFileType = sourcecode.swift; path = SimpleSectionView.swift; sourceTree = "<group>"; };
		FAC04B0A2603962300DBB692 /* ARDrawingViewController.swift */ = {isa = PBXFileReference; lastKnownFileType = sourcecode.swift; path = ARDrawingViewController.swift; sourceTree = "<group>"; };
		FAC04B112603A73000DBB692 /* SCNVector3Extensions.swift */ = {isa = PBXFileReference; lastKnownFileType = sourcecode.swift; path = SCNVector3Extensions.swift; sourceTree = "<group>"; };
		FAC04B142603AE3F00DBB692 /* art.scnassets */ = {isa = PBXFileReference; lastKnownFileType = wrapper.scnassets; path = art.scnassets; sourceTree = "<group>"; };
		FAC04B312603D6DB00DBB692 /* logo.png */ = {isa = PBXFileReference; lastKnownFileType = image.png; path = logo.png; sourceTree = "<group>"; };
		FAC04B362603DFFE00DBB692 /* LaunchScreen.storyboard */ = {isa = PBXFileReference; lastKnownFileType = file.storyboard; path = LaunchScreen.storyboard; sourceTree = "<group>"; };
		FAC04B462604C4C500DBB692 /* OnboardingViewController.swift */ = {isa = PBXFileReference; lastKnownFileType = sourcecode.swift; path = OnboardingViewController.swift; sourceTree = "<group>"; };
		FAC04B4A2604C4ED00DBB692 /* OnboardingView.swift */ = {isa = PBXFileReference; lastKnownFileType = sourcecode.swift; path = OnboardingView.swift; sourceTree = "<group>"; };
		FAC04B4D2604D92D00DBB692 /* OnboardingViewModel.swift */ = {isa = PBXFileReference; lastKnownFileType = sourcecode.swift; path = OnboardingViewModel.swift; sourceTree = "<group>"; };
		FAD0DCC025EE9F390033B559 /* LoadingViewWithProgressBar.swift */ = {isa = PBXFileReference; lastKnownFileType = sourcecode.swift; path = LoadingViewWithProgressBar.swift; sourceTree = "<group>"; };
		FAD3B1E225D1EAC700708AE9 /* MenuItemData.swift */ = {isa = PBXFileReference; lastKnownFileType = sourcecode.swift; path = MenuItemData.swift; sourceTree = "<group>"; };
		FAD3B20725D2B05400708AE9 /* MenuService.swift */ = {isa = PBXFileReference; lastKnownFileType = sourcecode.swift; path = MenuService.swift; sourceTree = "<group>"; };
		FAD3B21225D2D06300708AE9 /* UIViewExtensions.swift */ = {isa = PBXFileReference; fileEncoding = 4; lastKnownFileType = sourcecode.swift; path = UIViewExtensions.swift; sourceTree = "<group>"; };
/* End PBXFileReference section */

/* Begin PBXFrameworksBuildPhase section */
		FA80BF6A25CA9BC500FD78ED /* Frameworks */ = {
			isa = PBXFrameworksBuildPhase;
			buildActionMask = 2147483647;
			files = (
				28DA3C72DB1551AA5184E60F /* Pods_SmARt.framework in Frameworks */,
			);
			runOnlyForDeploymentPostprocessing = 0;
		};
/* End PBXFrameworksBuildPhase section */

/* Begin PBXGroup section */
		439536F996DC93CACC0902A5 /* Frameworks */ = {
			isa = PBXGroup;
			children = (
				609AC0DC49D0EDA7A517DADC /* Pods_SmARt.framework */,
			);
			name = Frameworks;
			sourceTree = "<group>";
		};
		B56E811141DFC4F0E020529B /* Pods */ = {
			isa = PBXGroup;
			children = (
				1189383F6BDEFD712629F3EB /* Pods-SmARt.debug.xcconfig */,
				59A56DDDA543FC89BB770483 /* Pods-SmARt.release.xcconfig */,
			);
			path = Pods;
			sourceTree = "<group>";
		};
		FA10605025DD8E37007E6898 /* Health */ = {
			isa = PBXGroup;
			children = (
				FAA5C26C25E043B300BD1B1E /* HealthSectionView.swift */,
			);
			path = Health;
			sourceTree = "<group>";
		};
		FA2656B325E679B90025ACB1 /* SmartTourism */ = {
			isa = PBXGroup;
			children = (
				FA2656B425E679D60025ACB1 /* SmartTourismView.swift */,
			);
			path = SmartTourism;
			sourceTree = "<group>";
		};
		FA2656BB25E695660025ACB1 /* Drone */ = {
			isa = PBXGroup;
			children = (
				FA2656CA25E695930025ACB1 /* DroneARViewModel.swift */,
				FA5CED8125E95A650089B31F /* DroneARViewController.swift */,
			);
			path = Drone;
			sourceTree = "<group>";
		};
		FA36209125CC881200DFE70E /* Utils */ = {
			isa = PBXGroup;
			children = (
				FA496162263748A900EE967E /* UIApplicationExtensions.swift */,
				FA66CF402625E87D003A5286 /* PageDialogService.swift */,
				FA3620A025CC8A8E00DFE70E /* DIContainerConfigurator.swift */,
				FA45B97525E7C263005CBC38 /* LocationManager.swift */,
				FAAF7E3D25FAA1F000CBDBF0 /* FileLoader.swift */,
			);
			path = Utils;
			sourceTree = "<group>";
		};
		FA36209225CC884200DFE70E /* Enums */ = {
			isa = PBXGroup;
			children = (
				FA10603F25DD7629007E6898 /* MenuItemType.swift */,
				FA8A87C325E3FED100D1BBE3 /* AugmentedObjectType.swift */,
				FA2656E325E6D6FA0025ACB1 /* JoystickDirection.swift */,
				FA45B97825E7CD0B005CBC38 /* DimentionalDirection.swift */,
				FA45B97C25E7CE7A005CBC38 /* TransformType.swift */,
				FA5280B52609334800EEBE40 /* ARPageType.swift */,
				FA64CD222628E3B700CCDD47 /* Progress.swift */,
			);
			path = Enums;
			sourceTree = "<group>";
		};
		FA36209325CC885000DFE70E /* Extensions */ = {
			isa = PBXGroup;
			children = (
				FAAF7E3025F9326D00CBDBF0 /* UIImageExtensions.swift */,
				FAD3B21225D2D06300708AE9 /* UIViewExtensions.swift */,
				FA3620A425CC8B0F00DFE70E /* NSObjectExtensions.swift */,
				FA3620A325CC8B0F00DFE70E /* StringExtensions.swift */,
				FA10605525DD9930007E6898 /* UIScreen.swift */,
				FAA5C22C25DED96F00BD1B1E /* SwiftUI Color Extensions.swift */,
				FAA5C23925DEE98B00BD1B1E /* ArrayExtensions.swift */,
				FA45B98025E7DFCE005CBC38 /* DoubleExtensions.swift */,
				FA5CED8B25E968220089B31F /* AnyPublisherExtensions.swift */,
				FAAF7E2A25F8EE0F00CBDBF0 /* URLExtensions.swift */,
				FAC04B112603A73000DBB692 /* SCNVector3Extensions.swift */,
				FA64CD1926285CF300CCDD47 /* UIColorExtensions.swift */,
				FA64CD1C2628CEE100CCDD47 /* ARViewExtensions.swift */,
			);
			path = Extensions;
			sourceTree = "<group>";
		};
		FA36209425CC885400DFE70E /* Models */ = {
			isa = PBXGroup;
			children = (
				FAAF7E1E25F8176600CBDBF0 /* ImageData.swift */,
				FAA9C88A25CD5E8E005BA9EE /* FileData.swift */,
				FAA9C89025CD5E8E005BA9EE /* ObjectData.swift */,
				FAA9C88925CD5E8E005BA9EE /* ComplexDescription.swift */,
				FAA9C88B25CD5E8E005BA9EE /* ComplexDescriptionItem.swift */,
				FAA9C88C25CD5E8E005BA9EE /* Environment.swift */,
				FAA9C88F25CD5E8E005BA9EE /* Mask.swift */,
				FAA9C88D25CD5E8E005BA9EE /* Object3dData.swift */,
				FAA9C89225CD5E8E005BA9EE /* Section.swift */,
				FAA9C88E25CD5E8E005BA9EE /* VideoData.swift */,
				FAD3B1E225D1EAC700708AE9 /* MenuItemData.swift */,
				FA8A87CE25E4349C00D1BBE3 /* Object3DButton.swift */,
			);
			path = Models;
			sourceTree = "<group>";
		};
		FA36209525CC885B00DFE70E /* Navigation */ = {
			isa = PBXGroup;
			children = (
			);
			path = Navigation;
			sourceTree = "<group>";
		};
		FA36209625CC885F00DFE70E /* Protocols */ = {
			isa = PBXGroup;
			children = (
				FAAF7E2125F817A400CBDBF0 /* FileProtocol.swift */,
				FA3F72B32608ED1A00F3004F /* ExtendedRealityKitViewDelegate.swift */,
			);
			path = Protocols;
			sourceTree = "<group>";
		};
		FA36209725CC88C700DFE70E /* Resources */ = {
			isa = PBXGroup;
			children = (
				FAC04B312603D6DB00DBB692 /* logo.png */,
				FA5F087E25EFF49A004CF5D0 /* GlobalStyles.swift */,
				FA36209C25CC89A700DFE70E /* Colors.swift */,
				FA36209B25CC89A700DFE70E /* StringResources.swift */,
				FAAF7E3425F945F600CBDBF0 /* Constants.swift */,
			);
			path = Resources;
			sourceTree = "<group>";
		};
		FA36209A25CC88D300DFE70E /* Modules */ = {
			isa = PBXGroup;
			children = (
				FA49615D2636E15300EE967E /* Sections */,
				FAC04B452604C48E00DBB692 /* Onboarding */,
				FA6B3A5225D1506D00B0C3C2 /* Menu */,
				FA3620A925CC8D6800DFE70E /* Base */,
			);
			path = Modules;
			sourceTree = "<group>";
		};
		FA3620A825CC8CDB00DFE70E /* ReusableViews */ = {
			isa = PBXGroup;
			children = (
				FAA5C22F25DEE46D00BD1B1E /* GetStartedButton.swift */,
				FAA5C23225DEE72600BD1B1E /* SectionDescription.swift */,
				FAA5C23625DEE8C100BD1B1E /* ComplexDescriptionView.swift */,
				FAA5C26925DFC88F00BD1B1E /* SectionObjectsView.swift */,
				FA2273FD25E454E300DA6FCB /* WorldTrackingRealityKitView.swift */,
				FA5A54F125E578300023E448 /* MaskList.swift */,
				FA2656E025E6D5550025ACB1 /* Joystick.swift */,
				FA2656E625E6D9DD0025ACB1 /* JoystickButton.swift */,
				FA5CED8725E95C5D0089B31F /* JoysticksWithMapView.swift */,
				FA424D3A25EA83CE00637EB7 /* Menu3DItemRealityKit.swift */,
				FAD0DCC025EE9F390033B559 /* LoadingViewWithProgressBar.swift */,
				FA7E8E6725EFCAF400F3D345 /* NavBar.swift */,
				FAAF7E0425F7BD2400CBDBF0 /* ProgressBar.swift */,
				FAAF7E2725F8EA1400CBDBF0 /* ImageFromFile.swift */,
				FA64CD1F2628D66700CCDD47 /* TakeSnapshotButton.swift */,
				FA93BEAE26319B94009365A9 /* InteractionMessage.swift */,
			);
			path = ReusableViews;
			sourceTree = "<group>";
		};
		FA3620A925CC8D6800DFE70E /* Base */ = {
			isa = PBXGroup;
			children = (
				FA8A87C625E427BE00D1BBE3 /* GeneralARView */,
				FA3F72B72608F25C00F3004F /* SectionDetailBase */,
				FAA5C26525DFB65600BD1B1E /* SectionWithComplexDescriptionView.swift */,
				FA5280B92609476600EEBE40 /* BaseViewController.swift */,
				FA64CD252628EDEA00CCDD47 /* BaseViewModel.swift */,
				FAC04B0626038C7C00DBB692 /* SimpleSectionView.swift */,
			);
			path = Base;
			sourceTree = "<group>";
		};
		FA3F72B72608F25C00F3004F /* SectionDetailBase */ = {
			isa = PBXGroup;
			children = (
				FA10603825DD4A47007E6898 /* SectionDetailBaseViewModel.swift */,
				FA10604625DD8796007E6898 /* SectionDetailBaseView.swift */,
				FA5F088425F008E2004CF5D0 /* SectionDetailBaseViewController.swift */,
			);
			path = SectionDetailBase;
			sourceTree = "<group>";
		};
		FA49615D2636E15300EE967E /* Sections */ = {
			isa = PBXGroup;
			children = (
				FA496166263823FD00EE967E /* SmartRoom */,
				FA10605025DD8E37007E6898 /* Health */,
				FA5A54E525E5708E0023E448 /* SmartRetail */,
				FA2656B325E679B90025ACB1 /* SmartTourism */,
				FA2656BB25E695660025ACB1 /* Drone */,
				FAC04B0526038B0F00DBB692 /* ARDrawing */,
				FA64CD292629A47200CCDD47 /* ARScanner */,
			);
			path = Sections;
			sourceTree = "<group>";
		};
		FA496166263823FD00EE967E /* SmartRoom */ = {
			isa = PBXGroup;
			children = (
				FA4961682638247F00EE967E /* SmartRoomARViewController.swift */,
				FA49616C263824C700EE967E /* SmartRoomARViewModel.swift */,
			);
			path = SmartRoom;
			sourceTree = "<group>";
		};
		FA4FE00E25CC4C4900D1EFC6 /* Networking */ = {
			isa = PBXGroup;
			children = (
				FA4FE00F25CC4C4900D1EFC6 /* Core */,
				FA4FE01525CC4C4900D1EFC6 /* ApiServices */,
			);
			path = Networking;
			sourceTree = "<group>";
		};
		FA4FE00F25CC4C4900D1EFC6 /* Core */ = {
			isa = PBXGroup;
			children = (
				FA4FE01025CC4C4900D1EFC6 /* URLRequestBuilder.swift */,
				FA4FE01125CC4C4900D1EFC6 /* ApiConstants.swift */,
				FA4FE01225CC4C4900D1EFC6 /* BaseApiService.swift */,
				FA4FE01325CC4C4900D1EFC6 /* ErrorHandler.swift */,
				FA4FE01425CC4C4900D1EFC6 /* ApiErrorLogger.swift */,
				FA36208E25CC84D000DFE70E /* ApiError.swift */,
			);
			path = Core;
			sourceTree = "<group>";
		};
		FA4FE01525CC4C4900D1EFC6 /* ApiServices */ = {
			isa = PBXGroup;
			children = (
				FAD3B20725D2B05400708AE9 /* MenuService.swift */,
			);
			path = ApiServices;
			sourceTree = "<group>";
		};
		FA5A54E525E5708E0023E448 /* SmartRetail */ = {
			isa = PBXGroup;
			children = (
				FA5A54EE25E573060023E448 /* MaskFittingViewModel.swift */,
				FA43319625F18F39008D8AC2 /* MaskFittingViewController.swift */,
			);
			path = SmartRetail;
			sourceTree = "<group>";
		};
		FA64CD292629A47200CCDD47 /* ARScanner */ = {
			isa = PBXGroup;
			children = (
				FA93BEB12631B62B009365A9 /* ARScannerViewController.swift */,
				FA93BEB42631B969009365A9 /* ARScannerViewModel.swift */,
			);
			path = ARScanner;
			sourceTree = "<group>";
		};
		FA6B3A5225D1506D00B0C3C2 /* Menu */ = {
			isa = PBXGroup;
			children = (
				FA6B3A5625D1516200B0C3C2 /* MenuViewModel.swift */,
				FA424D3D25EA919F00637EB7 /* MenuViewController.swift */,
			);
			path = Menu;
			sourceTree = "<group>";
		};
		FA80BF6425CA9BC500FD78ED = {
			isa = PBXGroup;
			children = (
				FA80BF6F25CA9BC500FD78ED /* SmARt */,
				FA80BF6E25CA9BC500FD78ED /* Products */,
				B56E811141DFC4F0E020529B /* Pods */,
				439536F996DC93CACC0902A5 /* Frameworks */,
			);
			sourceTree = "<group>";
		};
		FA80BF6E25CA9BC500FD78ED /* Products */ = {
			isa = PBXGroup;
			children = (
				FA80BF6D25CA9BC500FD78ED /* SmARt.app */,
			);
			name = Products;
			sourceTree = "<group>";
		};
		FA80BF6F25CA9BC500FD78ED /* SmARt */ = {
			isa = PBXGroup;
			children = (
				FA36209725CC88C700DFE70E /* Resources */,
				FA4FE00E25CC4C4900D1EFC6 /* Networking */,
				FA36209625CC885F00DFE70E /* Protocols */,
				FA36209525CC885B00DFE70E /* Navigation */,
				FA36209425CC885400DFE70E /* Models */,
				FA36209325CC885000DFE70E /* Extensions */,
				FA36209225CC884200DFE70E /* Enums */,
				FA36209125CC881200DFE70E /* Utils */,
				FA3620A825CC8CDB00DFE70E /* ReusableViews */,
				FA36209A25CC88D300DFE70E /* Modules */,
				FA45B98325E80349005CBC38 /* AppDelegate.swift */,
				FA80BF7925CA9BC600FD78ED /* Info.plist */,
				FAC04B142603AE3F00DBB692 /* art.scnassets */,
				FA80BF7425CA9BC600FD78ED /* Assets.xcassets */,
				FAC04B362603DFFE00DBB692 /* LaunchScreen.storyboard */,
				FA80BF7625CA9BC600FD78ED /* Preview Content */,
			);
			path = SmARt;
			sourceTree = "<group>";
		};
		FA80BF7625CA9BC600FD78ED /* Preview Content */ = {
			isa = PBXGroup;
			children = (
				FA80BF7725CA9BC600FD78ED /* Preview Assets.xcassets */,
			);
			path = "Preview Content";
			sourceTree = "<group>";
		};
		FA8A87C625E427BE00D1BBE3 /* GeneralARView */ = {
			isa = PBXGroup;
			children = (
				FA8A87CB25E4339A00D1BBE3 /* GeneralARViewModel.swift */,
				FA7E8E5F25EFB97300F3D345 /* GeneralARViewController.swift */,
			);
			path = GeneralARView;
			sourceTree = "<group>";
		};
		FAC04B0526038B0F00DBB692 /* ARDrawing */ = {
			isa = PBXGroup;
			children = (
				FAC04B0A2603962300DBB692 /* ARDrawingViewController.swift */,
			);
			path = ARDrawing;
			sourceTree = "<group>";
		};
		FAC04B452604C48E00DBB692 /* Onboarding */ = {
			isa = PBXGroup;
			children = (
				FAC04B462604C4C500DBB692 /* OnboardingViewController.swift */,
				FAC04B4A2604C4ED00DBB692 /* OnboardingView.swift */,
				FAC04B4D2604D92D00DBB692 /* OnboardingViewModel.swift */,
			);
			path = Onboarding;
			sourceTree = "<group>";
		};
/* End PBXGroup section */

/* Begin PBXNativeTarget section */
		FA80BF6C25CA9BC500FD78ED /* SmARt */ = {
			isa = PBXNativeTarget;
			buildConfigurationList = FA80BF7C25CA9BC600FD78ED /* Build configuration list for PBXNativeTarget "SmARt" */;
			buildPhases = (
				F409B831CF43B2167C20474F /* [CP] Check Pods Manifest.lock */,
				FA80BF6925CA9BC500FD78ED /* Sources */,
				FA80BF6A25CA9BC500FD78ED /* Frameworks */,
				FA80BF6B25CA9BC500FD78ED /* Resources */,
				EC263D94DB802E16AB02A1F4 /* [CP] Embed Pods Frameworks */,
			);
			buildRules = (
			);
			dependencies = (
			);
			name = SmARt;
			packageProductDependencies = (
			);
			productName = SmARt;
			productReference = FA80BF6D25CA9BC500FD78ED /* SmARt.app */;
			productType = "com.apple.product-type.application";
		};
/* End PBXNativeTarget section */

/* Begin PBXProject section */
		FA80BF6525CA9BC500FD78ED /* Project object */ = {
			isa = PBXProject;
			attributes = {
				LastSwiftUpdateCheck = 1240;
				LastUpgradeCheck = 1240;
				TargetAttributes = {
					FA80BF6C25CA9BC500FD78ED = {
						CreatedOnToolsVersion = 12.4;
					};
				};
			};
			buildConfigurationList = FA80BF6825CA9BC500FD78ED /* Build configuration list for PBXProject "SmARt" */;
			compatibilityVersion = "Xcode 9.3";
			developmentRegion = en;
			hasScannedForEncodings = 0;
			knownRegions = (
				en,
				Base,
			);
			mainGroup = FA80BF6425CA9BC500FD78ED;
			packageReferences = (
			);
			productRefGroup = FA80BF6E25CA9BC500FD78ED /* Products */;
			projectDirPath = "";
			projectRoot = "";
			targets = (
				FA80BF6C25CA9BC500FD78ED /* SmARt */,
			);
		};
/* End PBXProject section */

/* Begin PBXResourcesBuildPhase section */
		FA80BF6B25CA9BC500FD78ED /* Resources */ = {
			isa = PBXResourcesBuildPhase;
			buildActionMask = 2147483647;
			files = (
				FAC04B322603D6DB00DBB692 /* logo.png in Resources */,
				FA80BF7825CA9BC600FD78ED /* Preview Assets.xcassets in Resources */,
				FAC04B152603AE3F00DBB692 /* art.scnassets in Resources */,
				FAC04B372603DFFE00DBB692 /* LaunchScreen.storyboard in Resources */,
				FA80BF7525CA9BC600FD78ED /* Assets.xcassets in Resources */,
			);
			runOnlyForDeploymentPostprocessing = 0;
		};
/* End PBXResourcesBuildPhase section */

/* Begin PBXShellScriptBuildPhase section */
		EC263D94DB802E16AB02A1F4 /* [CP] Embed Pods Frameworks */ = {
			isa = PBXShellScriptBuildPhase;
			buildActionMask = 2147483647;
			files = (
			);
			inputFileListPaths = (
				"${PODS_ROOT}/Target Support Files/Pods-SmARt/Pods-SmARt-frameworks-${CONFIGURATION}-input-files.xcfilelist",
			);
			name = "[CP] Embed Pods Frameworks";
			outputFileListPaths = (
				"${PODS_ROOT}/Target Support Files/Pods-SmARt/Pods-SmARt-frameworks-${CONFIGURATION}-output-files.xcfilelist",
			);
			runOnlyForDeploymentPostprocessing = 0;
			shellPath = /bin/sh;
			shellScript = "\"${PODS_ROOT}/Target Support Files/Pods-SmARt/Pods-SmARt-frameworks.sh\"\n";
			showEnvVarsInLog = 0;
		};
		F409B831CF43B2167C20474F /* [CP] Check Pods Manifest.lock */ = {
			isa = PBXShellScriptBuildPhase;
			buildActionMask = 2147483647;
			files = (
			);
			inputFileListPaths = (
			);
			inputPaths = (
				"${PODS_PODFILE_DIR_PATH}/Podfile.lock",
				"${PODS_ROOT}/Manifest.lock",
			);
			name = "[CP] Check Pods Manifest.lock";
			outputFileListPaths = (
			);
			outputPaths = (
				"$(DERIVED_FILE_DIR)/Pods-SmARt-checkManifestLockResult.txt",
			);
			runOnlyForDeploymentPostprocessing = 0;
			shellPath = /bin/sh;
			shellScript = "diff \"${PODS_PODFILE_DIR_PATH}/Podfile.lock\" \"${PODS_ROOT}/Manifest.lock\" > /dev/null\nif [ $? != 0 ] ; then\n    # print error to STDERR\n    echo \"error: The sandbox is not in sync with the Podfile.lock. Run 'pod install' or update your CocoaPods installation.\" >&2\n    exit 1\nfi\n# This output is used by Xcode 'outputs' to avoid re-running this script phase.\necho \"SUCCESS\" > \"${SCRIPT_OUTPUT_FILE_0}\"\n";
			showEnvVarsInLog = 0;
		};
/* End PBXShellScriptBuildPhase section */

/* Begin PBXSourcesBuildPhase section */
		FA80BF6925CA9BC500FD78ED /* Sources */ = {
			isa = PBXSourcesBuildPhase;
			buildActionMask = 2147483647;
			files = (
				FAC04B122603A73000DBB692 /* SCNVector3Extensions.swift in Sources */,
				FA45B98425E80349005CBC38 /* AppDelegate.swift in Sources */,
				FA2656E125E6D5550025ACB1 /* Joystick.swift in Sources */,
				FAA5C23A25DEE98B00BD1B1E /* ArrayExtensions.swift in Sources */,
				FAA5C26D25E043B300BD1B1E /* HealthSectionView.swift in Sources */,
				FA64CD262628EDEA00CCDD47 /* BaseViewModel.swift in Sources */,
				FAD3B1E325D1EAC700708AE9 /* MenuItemData.swift in Sources */,
				FA3620A525CC8B0F00DFE70E /* StringExtensions.swift in Sources */,
				FA93BEAF26319B94009365A9 /* InteractionMessage.swift in Sources */,
				FA36209D25CC89A700DFE70E /* StringResources.swift in Sources */,
				FA64CD202628D66700CCDD47 /* TakeSnapshotButton.swift in Sources */,
				FAA9C89525CD5E8E005BA9EE /* ComplexDescriptionItem.swift in Sources */,
				FA7E8E6025EFB97300F3D345 /* GeneralARViewController.swift in Sources */,
				FAC04B472604C4C500DBB692 /* OnboardingViewController.swift in Sources */,
				FAA5C23725DEE8C100BD1B1E /* ComplexDescriptionView.swift in Sources */,
				FA5280B62609334800EEBE40 /* ARPageType.swift in Sources */,
				FA36209E25CC89A700DFE70E /* Colors.swift in Sources */,
				FA45B97D25E7CE7A005CBC38 /* TransformType.swift in Sources */,
				FA10604725DD8796007E6898 /* SectionDetailBaseView.swift in Sources */,
				FA8A87CF25E4349C00D1BBE3 /* Object3DButton.swift in Sources */,
				FA7E8E6825EFCAF400F3D345 /* NavBar.swift in Sources */,
				FA4FE01825CC4C4900D1EFC6 /* BaseApiService.swift in Sources */,
				FA3F72B42608ED1A00F3004F /* ExtendedRealityKitViewDelegate.swift in Sources */,
				FAAF7E1F25F8176600CBDBF0 /* ImageData.swift in Sources */,
				FA5F088525F008E2004CF5D0 /* SectionDetailBaseViewController.swift in Sources */,
				FA5A54F225E578300023E448 /* MaskList.swift in Sources */,
				FA2656E725E6D9DD0025ACB1 /* JoystickButton.swift in Sources */,
				FA10604025DD7629007E6898 /* MenuItemType.swift in Sources */,
				FA45B98125E7DFCE005CBC38 /* DoubleExtensions.swift in Sources */,
				FA4FE01725CC4C4900D1EFC6 /* ApiConstants.swift in Sources */,
				FA3620A125CC8A8E00DFE70E /* DIContainerConfigurator.swift in Sources */,
				FAA9C89725CD5E8E005BA9EE /* Object3dData.swift in Sources */,
				FA49616D263824C700EE967E /* SmartRoomARViewModel.swift in Sources */,
				FA424D3B25EA83CE00637EB7 /* Menu3DItemRealityKit.swift in Sources */,
				FA5F087F25EFF49A004CF5D0 /* GlobalStyles.swift in Sources */,
				FA6B3A5725D1516200B0C3C2 /* MenuViewModel.swift in Sources */,
				FAD3B20825D2B05400708AE9 /* MenuService.swift in Sources */,
				FAA9C89925CD5E8E005BA9EE /* Mask.swift in Sources */,
				FAAF7E2825F8EA1400CBDBF0 /* ImageFromFile.swift in Sources */,
				FAA9C89325CD5E8E005BA9EE /* ComplexDescription.swift in Sources */,
				FA4961692638247F00EE967E /* SmartRoomARViewController.swift in Sources */,
				FA64CD1D2628CEE100CCDD47 /* ARViewExtensions.swift in Sources */,
				FA66CF412625E87D003A5286 /* PageDialogService.swift in Sources */,
				FAA9C89825CD5E8E005BA9EE /* VideoData.swift in Sources */,
				FA45B97625E7C263005CBC38 /* LocationManager.swift in Sources */,
				FA5A54EF25E573060023E448 /* MaskFittingViewModel.swift in Sources */,
				FA93BEB22631B62B009365A9 /* ARScannerViewController.swift in Sources */,
				FA43319725F18F39008D8AC2 /* MaskFittingViewController.swift in Sources */,
				FAC04B0B2603962300DBB692 /* ARDrawingViewController.swift in Sources */,
				FA93BEB52631B969009365A9 /* ARScannerViewModel.swift in Sources */,
				FA2656B525E679D60025ACB1 /* SmartTourismView.swift in Sources */,
				FAA5C26A25DFC88F00BD1B1E /* SectionObjectsView.swift in Sources */,
				FA2656CB25E695930025ACB1 /* DroneARViewModel.swift in Sources */,
				FA4FE01925CC4C4900D1EFC6 /* ErrorHandler.swift in Sources */,
				FA5280BA2609476600EEBE40 /* BaseViewController.swift in Sources */,
				FA4FE01A25CC4C4900D1EFC6 /* ApiErrorLogger.swift in Sources */,
				FA45B97925E7CD0B005CBC38 /* DimentionalDirection.swift in Sources */,
				FA3620A625CC8B0F00DFE70E /* NSObjectExtensions.swift in Sources */,
				FAD0DCC125EE9F390033B559 /* LoadingViewWithProgressBar.swift in Sources */,
				FA496163263748A900EE967E /* UIApplicationExtensions.swift in Sources */,
				FAAF7E3E25FAA1F000CBDBF0 /* FileLoader.swift in Sources */,
				FAA5C23025DEE46D00BD1B1E /* GetStartedButton.swift in Sources */,
				FAAF7E0525F7BD2400CBDBF0 /* ProgressBar.swift in Sources */,
				FA2273FE25E454E300DA6FCB /* WorldTrackingRealityKitView.swift in Sources */,
				FAA9C89C25CD5E8E005BA9EE /* Section.swift in Sources */,
				FA36208F25CC84D000DFE70E /* ApiError.swift in Sources */,
				FAAF7E2225F817A400CBDBF0 /* FileProtocol.swift in Sources */,
				FAAF7E2B25F8EE0F00CBDBF0 /* URLExtensions.swift in Sources */,
				FAC04B4E2604D92D00DBB692 /* OnboardingViewModel.swift in Sources */,
				FA5CED8825E95C5D0089B31F /* JoysticksWithMapView.swift in Sources */,
				FAAF7E3125F9326D00CBDBF0 /* UIImageExtensions.swift in Sources */,
				FAA5C22D25DED96F00BD1B1E /* SwiftUI Color Extensions.swift in Sources */,
				FAD3B21325D2D06300708AE9 /* UIViewExtensions.swift in Sources */,
				FA5CED8C25E968220089B31F /* AnyPublisherExtensions.swift in Sources */,
				FA8A87C425E3FED100D1BBE3 /* AugmentedObjectType.swift in Sources */,
				FA10603925DD4A47007E6898 /* SectionDetailBaseViewModel.swift in Sources */,
				FAC04B4B2604C4ED00DBB692 /* OnboardingView.swift in Sources */,
				FAA5C23325DEE72600BD1B1E /* SectionDescription.swift in Sources */,
				FAC04B0726038C7C00DBB692 /* SimpleSectionView.swift in Sources */,
				FAA9C89A25CD5E8E005BA9EE /* ObjectData.swift in Sources */,
				FA8A87CC25E4339A00D1BBE3 /* GeneralARViewModel.swift in Sources */,
				FAAF7E3525F945F600CBDBF0 /* Constants.swift in Sources */,
				FA10605625DD9930007E6898 /* UIScreen.swift in Sources */,
				FA64CD232628E3B700CCDD47 /* Progress.swift in Sources */,
				FA2656E425E6D6FA0025ACB1 /* JoystickDirection.swift in Sources */,
				FA64CD1A26285CF300CCDD47 /* UIColorExtensions.swift in Sources */,
				FA4FE01625CC4C4900D1EFC6 /* URLRequestBuilder.swift in Sources */,
				FAA9C89425CD5E8E005BA9EE /* FileData.swift in Sources */,
				FAA9C89625CD5E8E005BA9EE /* Environment.swift in Sources */,
				FA5CED8225E95A650089B31F /* DroneARViewController.swift in Sources */,
				FAA5C26625DFB65600BD1B1E /* SectionWithComplexDescriptionView.swift in Sources */,
				FA424D3E25EA919F00637EB7 /* MenuViewController.swift in Sources */,
			);
			runOnlyForDeploymentPostprocessing = 0;
		};
/* End PBXSourcesBuildPhase section */

/* Begin XCBuildConfiguration section */
		FA80BF7A25CA9BC600FD78ED /* Debug */ = {
			isa = XCBuildConfiguration;
			buildSettings = {
				ALWAYS_SEARCH_USER_PATHS = NO;
				CLANG_ANALYZER_NONNULL = YES;
				CLANG_ANALYZER_NUMBER_OBJECT_CONVERSION = YES_AGGRESSIVE;
				CLANG_CXX_LANGUAGE_STANDARD = "gnu++14";
				CLANG_CXX_LIBRARY = "libc++";
				CLANG_ENABLE_MODULES = YES;
				CLANG_ENABLE_OBJC_ARC = YES;
				CLANG_ENABLE_OBJC_WEAK = YES;
				CLANG_WARN_BLOCK_CAPTURE_AUTORELEASING = YES;
				CLANG_WARN_BOOL_CONVERSION = YES;
				CLANG_WARN_COMMA = YES;
				CLANG_WARN_CONSTANT_CONVERSION = YES;
				CLANG_WARN_DEPRECATED_OBJC_IMPLEMENTATIONS = YES;
				CLANG_WARN_DIRECT_OBJC_ISA_USAGE = YES_ERROR;
				CLANG_WARN_DOCUMENTATION_COMMENTS = YES;
				CLANG_WARN_EMPTY_BODY = YES;
				CLANG_WARN_ENUM_CONVERSION = YES;
				CLANG_WARN_INFINITE_RECURSION = YES;
				CLANG_WARN_INT_CONVERSION = YES;
				CLANG_WARN_NON_LITERAL_NULL_CONVERSION = YES;
				CLANG_WARN_OBJC_IMPLICIT_RETAIN_SELF = YES;
				CLANG_WARN_OBJC_LITERAL_CONVERSION = YES;
				CLANG_WARN_OBJC_ROOT_CLASS = YES_ERROR;
				CLANG_WARN_QUOTED_INCLUDE_IN_FRAMEWORK_HEADER = YES;
				CLANG_WARN_RANGE_LOOP_ANALYSIS = YES;
				CLANG_WARN_STRICT_PROTOTYPES = YES;
				CLANG_WARN_SUSPICIOUS_MOVE = YES;
				CLANG_WARN_UNGUARDED_AVAILABILITY = YES_AGGRESSIVE;
				CLANG_WARN_UNREACHABLE_CODE = YES;
				CLANG_WARN__DUPLICATE_METHOD_MATCH = YES;
				COPY_PHASE_STRIP = NO;
				DEBUG_INFORMATION_FORMAT = dwarf;
				ENABLE_STRICT_OBJC_MSGSEND = YES;
				ENABLE_TESTABILITY = YES;
				GCC_C_LANGUAGE_STANDARD = gnu11;
				GCC_DYNAMIC_NO_PIC = NO;
				GCC_NO_COMMON_BLOCKS = YES;
				GCC_OPTIMIZATION_LEVEL = 0;
				GCC_PREPROCESSOR_DEFINITIONS = (
					"DEBUG=1",
					"$(inherited)",
				);
				GCC_WARN_64_TO_32_BIT_CONVERSION = YES;
				GCC_WARN_ABOUT_RETURN_TYPE = YES_ERROR;
				GCC_WARN_UNDECLARED_SELECTOR = YES;
				GCC_WARN_UNINITIALIZED_AUTOS = YES_AGGRESSIVE;
				GCC_WARN_UNUSED_FUNCTION = YES;
				GCC_WARN_UNUSED_VARIABLE = YES;
				IPHONEOS_DEPLOYMENT_TARGET = 14.4;
				MTL_ENABLE_DEBUG_INFO = INCLUDE_SOURCE;
				MTL_FAST_MATH = YES;
				ONLY_ACTIVE_ARCH = YES;
				SDKROOT = iphoneos;
				SWIFT_ACTIVE_COMPILATION_CONDITIONS = DEBUG;
				SWIFT_OPTIMIZATION_LEVEL = "-Onone";
			};
			name = Debug;
		};
		FA80BF7B25CA9BC600FD78ED /* Release */ = {
			isa = XCBuildConfiguration;
			buildSettings = {
				ALWAYS_SEARCH_USER_PATHS = NO;
				CLANG_ANALYZER_NONNULL = YES;
				CLANG_ANALYZER_NUMBER_OBJECT_CONVERSION = YES_AGGRESSIVE;
				CLANG_CXX_LANGUAGE_STANDARD = "gnu++14";
				CLANG_CXX_LIBRARY = "libc++";
				CLANG_ENABLE_MODULES = YES;
				CLANG_ENABLE_OBJC_ARC = YES;
				CLANG_ENABLE_OBJC_WEAK = YES;
				CLANG_WARN_BLOCK_CAPTURE_AUTORELEASING = YES;
				CLANG_WARN_BOOL_CONVERSION = YES;
				CLANG_WARN_COMMA = YES;
				CLANG_WARN_CONSTANT_CONVERSION = YES;
				CLANG_WARN_DEPRECATED_OBJC_IMPLEMENTATIONS = YES;
				CLANG_WARN_DIRECT_OBJC_ISA_USAGE = YES_ERROR;
				CLANG_WARN_DOCUMENTATION_COMMENTS = YES;
				CLANG_WARN_EMPTY_BODY = YES;
				CLANG_WARN_ENUM_CONVERSION = YES;
				CLANG_WARN_INFINITE_RECURSION = YES;
				CLANG_WARN_INT_CONVERSION = YES;
				CLANG_WARN_NON_LITERAL_NULL_CONVERSION = YES;
				CLANG_WARN_OBJC_IMPLICIT_RETAIN_SELF = YES;
				CLANG_WARN_OBJC_LITERAL_CONVERSION = YES;
				CLANG_WARN_OBJC_ROOT_CLASS = YES_ERROR;
				CLANG_WARN_QUOTED_INCLUDE_IN_FRAMEWORK_HEADER = YES;
				CLANG_WARN_RANGE_LOOP_ANALYSIS = YES;
				CLANG_WARN_STRICT_PROTOTYPES = YES;
				CLANG_WARN_SUSPICIOUS_MOVE = YES;
				CLANG_WARN_UNGUARDED_AVAILABILITY = YES_AGGRESSIVE;
				CLANG_WARN_UNREACHABLE_CODE = YES;
				CLANG_WARN__DUPLICATE_METHOD_MATCH = YES;
				COPY_PHASE_STRIP = NO;
				DEBUG_INFORMATION_FORMAT = "dwarf-with-dsym";
				ENABLE_NS_ASSERTIONS = NO;
				ENABLE_STRICT_OBJC_MSGSEND = YES;
				GCC_C_LANGUAGE_STANDARD = gnu11;
				GCC_NO_COMMON_BLOCKS = YES;
				GCC_WARN_64_TO_32_BIT_CONVERSION = YES;
				GCC_WARN_ABOUT_RETURN_TYPE = YES_ERROR;
				GCC_WARN_UNDECLARED_SELECTOR = YES;
				GCC_WARN_UNINITIALIZED_AUTOS = YES_AGGRESSIVE;
				GCC_WARN_UNUSED_FUNCTION = YES;
				GCC_WARN_UNUSED_VARIABLE = YES;
				IPHONEOS_DEPLOYMENT_TARGET = 14.4;
				MTL_ENABLE_DEBUG_INFO = NO;
				MTL_FAST_MATH = YES;
				SDKROOT = iphoneos;
				SWIFT_COMPILATION_MODE = wholemodule;
				SWIFT_OPTIMIZATION_LEVEL = "-O";
				VALIDATE_PRODUCT = YES;
			};
			name = Release;
		};
		FA80BF7D25CA9BC600FD78ED /* Debug */ = {
			isa = XCBuildConfiguration;
			baseConfigurationReference = 1189383F6BDEFD712629F3EB /* Pods-SmARt.debug.xcconfig */;
			buildSettings = {
				ASSETCATALOG_COMPILER_APPICON_NAME = AppIcon;
				ASSETCATALOG_COMPILER_GLOBAL_ACCENT_COLOR_NAME = AccentColor;
				CODE_SIGN_IDENTITY = "Apple Development";
				CODE_SIGN_STYLE = Automatic;
				DEVELOPMENT_ASSET_PATHS = "\"SmARt/Preview Content\"";
				DEVELOPMENT_TEAM = KR6V794JNC;
				ENABLE_PREVIEWS = YES;
				INFOPLIST_FILE = SmARt/Info.plist;
				IPHONEOS_DEPLOYMENT_TARGET = 14.0;
				LD_RUNPATH_SEARCH_PATHS = (
					"$(inherited)",
					"@executable_path/Frameworks",
				);
				PRODUCT_BUNDLE_IDENTIFIER = co.awtg.SmARt;
				PRODUCT_NAME = "$(TARGET_NAME)";
				PROVISIONING_PROFILE_SPECIFIER = "";
				SWIFT_VERSION = 5.0;
				TARGETED_DEVICE_FAMILY = "1,2";
			};
			name = Debug;
		};
		FA80BF7E25CA9BC600FD78ED /* Release */ = {
			isa = XCBuildConfiguration;
			baseConfigurationReference = 59A56DDDA543FC89BB770483 /* Pods-SmARt.release.xcconfig */;
			buildSettings = {
				ASSETCATALOG_COMPILER_APPICON_NAME = AppIcon;
				ASSETCATALOG_COMPILER_GLOBAL_ACCENT_COLOR_NAME = AccentColor;
				CODE_SIGN_STYLE = Automatic;
				DEVELOPMENT_ASSET_PATHS = "\"SmARt/Preview Content\"";
				DEVELOPMENT_TEAM = KR6V794JNC;
				ENABLE_PREVIEWS = YES;
				INFOPLIST_FILE = SmARt/Info.plist;
				IPHONEOS_DEPLOYMENT_TARGET = 14.0;
				LD_RUNPATH_SEARCH_PATHS = (
					"$(inherited)",
					"@executable_path/Frameworks",
				);
				PRODUCT_BUNDLE_IDENTIFIER = co.awtg.SmARt;
				PRODUCT_NAME = "$(TARGET_NAME)";
				SWIFT_VERSION = 5.0;
				TARGETED_DEVICE_FAMILY = "1,2";
			};
			name = Release;
		};
/* End XCBuildConfiguration section */

/* Begin XCConfigurationList section */
		FA80BF6825CA9BC500FD78ED /* Build configuration list for PBXProject "SmARt" */ = {
			isa = XCConfigurationList;
			buildConfigurations = (
				FA80BF7A25CA9BC600FD78ED /* Debug */,
				FA80BF7B25CA9BC600FD78ED /* Release */,
			);
			defaultConfigurationIsVisible = 0;
			defaultConfigurationName = Release;
		};
		FA80BF7C25CA9BC600FD78ED /* Build configuration list for PBXNativeTarget "SmARt" */ = {
			isa = XCConfigurationList;
			buildConfigurations = (
				FA80BF7D25CA9BC600FD78ED /* Debug */,
				FA80BF7E25CA9BC600FD78ED /* Release */,
			);
			defaultConfigurationIsVisible = 0;
			defaultConfigurationName = Release;
		};
/* End XCConfigurationList section */
	};
	rootObject = FA80BF6525CA9BC500FD78ED /* Project object */;
}
